[root]
name = "rust-conway"
version = "0.0.1"
dependencies = [
 "event 0.0.0 (git+https://github.com/PistonDevelopers/event)",
 "gfx_graphics 0.0.0 (git+https://github.com/PistonDevelopers/gfx_graphics)",
 "graphics 0.0.0 (git+https://github.com/PistonDevelopers/graphics.git)",
 "opengl_graphics 0.0.0 (git+https://github.com/PistonDevelopers/opengl_graphics)",
 "sdl2_window 0.0.0 (git+https://github.com/PistonDevelopers/sdl2_window)",
 "shader_version 0.0.0 (git+https://github.com/PistonDevelopers/shader_version)",
]

[[package]]
name = "current"
version = "0.0.0"
source = "git+https://github.com/PistonDevelopers/current#281637a9f018f41ed44a1525a0f1666a94d7040a"

[[package]]
name = "device"
version = "0.1.0"
source = "git+https://github.com/gfx-rs/gfx-rs#6ea9c69a61edd85fb64071dca6f89a7745d29a8d"
dependencies = [
 "gfx_gl 0.1.0 (git+https://github.com/gfx-rs/gfx_gl.git)",
]

[[package]]
name = "event"
version = "0.0.0"
source = "git+https://github.com/PistonDevelopers/event#4d0bd4a9dbdbfb4df7f557213d5face4c4175d5d"
dependencies = [
 "current 0.0.0 (git+https://github.com/PistonDevelopers/current)",
 "event_loop 0.0.0 (git+https://github.com/PistonDevelopers/event_loop)",
 "input 0.0.0 (git+https://github.com/PistonDevelopers/input)",
 "time 0.0.2 (git+http://github.com/rust-lang/time)",
 "window 0.0.0 (git+https://github.com/PistonDevelopers/window)",
]

[[package]]
name = "event_loop"
version = "0.0.0"
source = "git+https://github.com/PistonDevelopers/event_loop#3d79482c112cf27c7b94e4215808e21759761d4f"
dependencies = [
 "current 0.0.0 (git+https://github.com/PistonDevelopers/current)",
 "time 0.0.2 (git+http://github.com/rust-lang/time)",
]

[[package]]
name = "gcc"
version = "0.0.1"
source = "git+https://github.com/alexcrichton/gcc-rs#f25b3ba9c40303781189cc137fb98fffe5b56de7"

[[package]]
name = "gfx"
version = "0.1.0"
source = "git+https://github.com/gfx-rs/gfx-rs#6ea9c69a61edd85fb64071dca6f89a7745d29a8d"
dependencies = [
 "device 0.1.0 (git+https://github.com/gfx-rs/gfx-rs)",
 "gfx_macros 0.1.0 (git+https://github.com/gfx-rs/gfx-rs)",
 "render 0.1.0 (git+https://github.com/gfx-rs/gfx-rs)",
]

[[package]]
name = "gfx_gl"
version = "0.1.0"
source = "git+https://github.com/gfx-rs/gfx_gl.git#ed681503da2e7ed9343003e78af4767e8e4e33a8"
dependencies = [
 "gl_generator 0.0.1 (git+https://github.com/bjz/gl-rs.git)",
]

[[package]]
name = "gfx_graphics"
version = "0.0.0"
source = "git+https://github.com/PistonDevelopers/gfx_graphics#e74f7fe413ecc77450914b472e20d99738dff09b"
dependencies = [
 "gfx 0.1.0 (git+https://github.com/gfx-rs/gfx-rs)",
 "gfx_macros 0.1.0 (git+https://github.com/gfx-rs/gfx-rs)",
 "gfx_texture 0.0.0 (git+https://github.com/pistondevelopers/gfx_texture)",
 "graphics 0.0.0 (git+https://github.com/PistonDevelopers/graphics.git)",
 "image 0.1.0 (git+https://github.com/pistondevelopers/image)",
]

[[package]]
name = "gfx_macros"
version = "0.1.0"
source = "git+https://github.com/gfx-rs/gfx-rs#6ea9c69a61edd85fb64071dca6f89a7745d29a8d"

[[package]]
name = "gfx_texture"
version = "0.0.0"
source = "git+https://github.com/pistondevelopers/gfx_texture#504a58b3a28ed99bed32121832ca12f182f648ab"
dependencies = [
 "gfx 0.1.0 (git+https://github.com/gfx-rs/gfx-rs)",
 "image 0.1.0 (git+https://github.com/pistondevelopers/image)",
 "texture 0.0.0 (git+https://github.com/PistonDevelopers/texture)",
]

[[package]]
name = "gl"
version = "0.0.1"
source = "git+https://github.com/bjz/gl-rs.git#d9e63fcb0cb0a2fd97a815bee612a96b394afbb0"
dependencies = [
 "gl_generator 0.0.1 (git+https://github.com/bjz/gl-rs.git)",
]

[[package]]
name = "gl_common"
version = "0.0.1"
source = "git+https://github.com/bjz/gl-rs.git#d9e63fcb0cb0a2fd97a815bee612a96b394afbb0"

[[package]]
name = "gl_generator"
version = "0.0.1"
source = "git+https://github.com/bjz/gl-rs.git#d9e63fcb0cb0a2fd97a815bee612a96b394afbb0"
dependencies = [
 "gl_common 0.0.1 (git+https://github.com/bjz/gl-rs.git)",
 "khronos_api 0.0.2 (git+https://github.com/bjz/gl-rs.git)",
 "rust-xml 0.1.0 (git+https://github.com/netvl/rust-xml)",
]

[[package]]
name = "graphics"
version = "0.0.0"
source = "git+https://github.com/PistonDevelopers/graphics.git#ec0f7d35a92f29de58cdb5a9e66d96cd6b0170a8"
dependencies = [
 "texture 0.0.0 (git+https://github.com/PistonDevelopers/texture)",
 "vecmath 0.0.0 (git+https://github.com/PistonDevelopers/vecmath)",
]

[[package]]
name = "image"
version = "0.1.0"
source = "git+https://github.com/pistondevelopers/image#935b4d3035a106243472ddc2899d066d6d9f65be"

[[package]]
name = "input"
version = "0.0.0"
source = "git+https://github.com/PistonDevelopers/input#fb351501f522c8ee0d88954d5c77936458def122"

[[package]]
name = "khronos_api"
version = "0.0.2"
source = "git+https://github.com/bjz/gl-rs.git#d9e63fcb0cb0a2fd97a815bee612a96b394afbb0"

[[package]]
name = "opengl_graphics"
version = "0.0.0"
source = "git+https://github.com/PistonDevelopers/opengl_graphics#944933e3e857ec004a07639ef5bdf6a62b9e3dc7"
dependencies = [
 "gl 0.0.1 (git+https://github.com/bjz/gl-rs.git)",
 "graphics 0.0.0 (git+https://github.com/PistonDevelopers/graphics.git)",
 "image 0.1.0 (git+https://github.com/pistondevelopers/image)",
 "shader_version 0.0.0 (git+https://github.com/PistonDevelopers/shader_version)",
 "texture 0.0.0 (git+https://github.com/PistonDevelopers/texture)",
]

[[package]]
name = "render"
version = "0.1.0"
source = "git+https://github.com/gfx-rs/gfx-rs#6ea9c69a61edd85fb64071dca6f89a7745d29a8d"
dependencies = [
 "device 0.1.0 (git+https://github.com/gfx-rs/gfx-rs)",
]

[[package]]
name = "rust-xml"
version = "0.1.0"
source = "git+https://github.com/netvl/rust-xml#8feef8eab34cc1a9431870be3b2eccf0343dae19"

[[package]]
name = "sdl2"
version = "0.0.1-alpha.1"
source = "git+https://github.com/AngryLawyer/rust-sdl2#1553901acb9593badde4b7446afc6df1c5696404"

[[package]]
name = "sdl2_window"
version = "0.0.0"
source = "git+https://github.com/PistonDevelopers/sdl2_window#16a1eb2e6d14b57f510c048a7ef9d21c4deb07a3"
dependencies = [
 "gl 0.0.1 (git+https://github.com/bjz/gl-rs.git)",
 "input 0.0.0 (git+https://github.com/PistonDevelopers/input)",
 "sdl2 0.0.1-alpha.1 (git+https://github.com/AngryLawyer/rust-sdl2)",
 "shader_version 0.0.0 (git+https://github.com/PistonDevelopers/shader_version)",
 "window 0.0.0 (git+https://github.com/PistonDevelopers/window)",
]

[[package]]
name = "shader_version"
version = "0.0.0"
source = "git+https://github.com/PistonDevelopers/shader_version#32364088516495b11b5ac484df923c9fc2854b85"

[[package]]
name = "texture"
version = "0.0.0"
source = "git+https://github.com/PistonDevelopers/texture#0dd5a5f2029b4a56a02f8e528087b93496c6ac52"

[[package]]
name = "time"
version = "0.0.2"
source = "git+http://github.com/rust-lang/time#b58210c93a44d7b83a1a9b68b462f5a7fa1942f3"
dependencies = [
 "gcc 0.0.1 (git+https://github.com/alexcrichton/gcc-rs)",
]

[[package]]
name = "vecmath"
version = "0.0.0"
source = "git+https://github.com/PistonDevelopers/vecmath#f6fc01026677be506958dee6f61a40b991fe5bc1"

[[package]]
name = "window"
version = "0.0.0"
source = "git+https://github.com/PistonDevelopers/window#888aeccd551a9bd12cd0324a13b919c1ae34e9ee"
dependencies = [
 "current 0.0.0 (git+https://github.com/PistonDevelopers/current)",
 "event_loop 0.0.0 (git+https://github.com/PistonDevelopers/event_loop)",
 "input 0.0.0 (git+https://github.com/PistonDevelopers/input)",
]

